// !$*UTF8*$!
{
	archiveVersion = 1;
	classes = {
	};
	objectVersion = 56;
	objects = {

/* Begin PBXBuildFile section */
		CE8E377D2AAF85F900BD5B9E /* AppDelegate.swift in Sources */ = {isa = PBXBuildFile; fileRef = CE8E377C2AAF85F900BD5B9E /* AppDelegate.swift */; };
		CE8E377F2AAF85F900BD5B9E /* SceneDelegate.swift in Sources */ = {isa = PBXBuildFile; fileRef = CE8E377E2AAF85F900BD5B9E /* SceneDelegate.swift */; };
		CE8E37842AAF85F900BD5B9E /* Main.storyboard in Resources */ = {isa = PBXBuildFile; fileRef = CE8E37822AAF85F900BD5B9E /* Main.storyboard */; };
		CE8E37862AAF860000BD5B9E /* Assets.xcassets in Resources */ = {isa = PBXBuildFile; fileRef = CE8E37852AAF860000BD5B9E /* Assets.xcassets */; };
		CE8E37892AAF860000BD5B9E /* LaunchScreen.storyboard in Resources */ = {isa = PBXBuildFile; fileRef = CE8E37872AAF860000BD5B9E /* LaunchScreen.storyboard */; };
		CE8E37942AAF860100BD5B9E /* TestWeatherAppTests.swift in Sources */ = {isa = PBXBuildFile; fileRef = CE8E37932AAF860100BD5B9E /* TestWeatherAppTests.swift */; };
		CE8E379E2AAF860100BD5B9E /* TestWeatherAppUITests.swift in Sources */ = {isa = PBXBuildFile; fileRef = CE8E379D2AAF860100BD5B9E /* TestWeatherAppUITests.swift */; };
		CE8E37A02AAF860100BD5B9E /* TestWeatherAppUITestsLaunchTests.swift in Sources */ = {isa = PBXBuildFile; fileRef = CE8E379F2AAF860100BD5B9E /* TestWeatherAppUITestsLaunchTests.swift */; };
		CE8E37AE2AAF877100BD5B9E /* WeatherMenuTableViewController.swift in Sources */ = {isa = PBXBuildFile; fileRef = CE8E37AC2AAF877100BD5B9E /* WeatherMenuTableViewController.swift */; };
		CE8E37AF2AAF877100BD5B9E /* WeatherMenuTableViewController.xib in Resources */ = {isa = PBXBuildFile; fileRef = CE8E37AD2AAF877100BD5B9E /* WeatherMenuTableViewController.xib */; };
		CE8E37B62AAF890A00BD5B9E /* UIExtensions.swift in Sources */ = {isa = PBXBuildFile; fileRef = CE8E37B52AAF890A00BD5B9E /* UIExtensions.swift */; };
		CE8E37B82AAF891800BD5B9E /* FoundationExtensions.swift in Sources */ = {isa = PBXBuildFile; fileRef = CE8E37B72AAF891800BD5B9E /* FoundationExtensions.swift */; };
		CE8E37BC2AAF893800BD5B9E /* APIHelper.swift in Sources */ = {isa = PBXBuildFile; fileRef = CE8E37BB2AAF893800BD5B9E /* APIHelper.swift */; };
		CE8E37BE2AAF895200BD5B9E /* WeatherMenuAPIClient.swift in Sources */ = {isa = PBXBuildFile; fileRef = CE8E37BD2AAF895200BD5B9E /* WeatherMenuAPIClient.swift */; };
		CE8E37C22AAF89A400BD5B9E /* BaseCellUIModel.swift in Sources */ = {isa = PBXBuildFile; fileRef = CE8E37C12AAF89A400BD5B9E /* BaseCellUIModel.swift */; };
		CE8E37C42AAF89DB00BD5B9E /* JSONHelper.swift in Sources */ = {isa = PBXBuildFile; fileRef = CE8E37C32AAF89DB00BD5B9E /* JSONHelper.swift */; };
		CE8E37C62AAF8A0700BD5B9E /* WeatherMenuFormatter.swift in Sources */ = {isa = PBXBuildFile; fileRef = CE8E37C52AAF8A0700BD5B9E /* WeatherMenuFormatter.swift */; };
		CE8E37C82AAF8A1E00BD5B9E /* WeatherMenuPresenter.swift in Sources */ = {isa = PBXBuildFile; fileRef = CE8E37C72AAF8A1E00BD5B9E /* WeatherMenuPresenter.swift */; };
		CE8E37CB2AAF8A6800BD5B9E /* URLs.swift in Sources */ = {isa = PBXBuildFile; fileRef = CE8E37CA2AAF8A6800BD5B9E /* URLs.swift */; };
		CE8E37CE2AAF8AC200BD5B9E /* CityWeather.swift in Sources */ = {isa = PBXBuildFile; fileRef = CE8E37CD2AAF8AC200BD5B9E /* CityWeather.swift */; };
		CE8E37D62AAFD0B500BD5B9E /* UserDefault.swift in Sources */ = {isa = PBXBuildFile; fileRef = CE8E37D52AAFD0B500BD5B9E /* UserDefault.swift */; };
		CE8E37D92AAFD2A800BD5B9E /* CityWeatherCityTableViewCell.swift in Sources */ = {isa = PBXBuildFile; fileRef = CE8E37D72AAFD2A700BD5B9E /* CityWeatherCityTableViewCell.swift */; };
		CE8E37DA2AAFD2A800BD5B9E /* CityWeatherCityTableViewCell.xib in Resources */ = {isa = PBXBuildFile; fileRef = CE8E37D82AAFD2A800BD5B9E /* CityWeatherCityTableViewCell.xib */; };
		CE8E37DC2AAFD3CC00BD5B9E /* CityWeatherUIModel.swift in Sources */ = {isa = PBXBuildFile; fileRef = CE8E37DB2AAFD3CB00BD5B9E /* CityWeatherUIModel.swift */; };
		CE8E37E02AB1144900BD5B9E /* DetailCityWeatherViewController.swift in Sources */ = {isa = PBXBuildFile; fileRef = CE8E37DE2AB1144800BD5B9E /* DetailCityWeatherViewController.swift */; };
		CE8E37E12AB1144900BD5B9E /* DetailCityWeatherViewController.xib in Resources */ = {isa = PBXBuildFile; fileRef = CE8E37DF2AB1144800BD5B9E /* DetailCityWeatherViewController.xib */; };
		CE8E37E32AB1147500BD5B9E /* DetailCityWeatherPresenter.swift in Sources */ = {isa = PBXBuildFile; fileRef = CE8E37E22AB1147500BD5B9E /* DetailCityWeatherPresenter.swift */; };
		CE8E37E52AB1148600BD5B9E /* DetailCityWeatherFormatter.swift in Sources */ = {isa = PBXBuildFile; fileRef = CE8E37E42AB1148600BD5B9E /* DetailCityWeatherFormatter.swift */; };
		CE8E37E82AB114C700BD5B9E /* DetailCityWeatherUIModel.swift in Sources */ = {isa = PBXBuildFile; fileRef = CE8E37E72AB114C700BD5B9E /* DetailCityWeatherUIModel.swift */; };
		CE8E37ED2AB1331900BD5B9E /* LoadingView.swift in Sources */ = {isa = PBXBuildFile; fileRef = CE8E37EC2AB1331900BD5B9E /* LoadingView.swift */; };
		CE8E37F02AB133EF00BD5B9E /* MainCoordinator.swift in Sources */ = {isa = PBXBuildFile; fileRef = CE8E37EF2AB133EF00BD5B9E /* MainCoordinator.swift */; };
		CE8E37F42AB1355D00BD5B9E /* MainBuilder.swift in Sources */ = {isa = PBXBuildFile; fileRef = CE8E37F32AB1355D00BD5B9E /* MainBuilder.swift */; };
/* End PBXBuildFile section */

/* Begin PBXContainerItemProxy section */
		CE8E37902AAF860100BD5B9E /* PBXContainerItemProxy */ = {
			isa = PBXContainerItemProxy;
			containerPortal = CE8E37712AAF85F900BD5B9E /* Project object */;
			proxyType = 1;
			remoteGlobalIDString = CE8E37782AAF85F900BD5B9E;
			remoteInfo = TestWeatherApp;
		};
		CE8E379A2AAF860100BD5B9E /* PBXContainerItemProxy */ = {
			isa = PBXContainerItemProxy;
			containerPortal = CE8E37712AAF85F900BD5B9E /* Project object */;
			proxyType = 1;
			remoteGlobalIDString = CE8E37782AAF85F900BD5B9E;
			remoteInfo = TestWeatherApp;
		};
/* End PBXContainerItemProxy section */

/* Begin PBXFileReference section */
		CE8E37792AAF85F900BD5B9E /* TestWeatherApp.app */ = {isa = PBXFileReference; explicitFileType = wrapper.application; includeInIndex = 0; path = TestWeatherApp.app; sourceTree = BUILT_PRODUCTS_DIR; };
		CE8E377C2AAF85F900BD5B9E /* AppDelegate.swift */ = {isa = PBXFileReference; lastKnownFileType = sourcecode.swift; path = AppDelegate.swift; sourceTree = "<group>"; };
		CE8E377E2AAF85F900BD5B9E /* SceneDelegate.swift */ = {isa = PBXFileReference; lastKnownFileType = sourcecode.swift; path = SceneDelegate.swift; sourceTree = "<group>"; };
		CE8E37832AAF85F900BD5B9E /* Base */ = {isa = PBXFileReference; lastKnownFileType = file.storyboard; name = Base; path = Base.lproj/Main.storyboard; sourceTree = "<group>"; };
		CE8E37852AAF860000BD5B9E /* Assets.xcassets */ = {isa = PBXFileReference; lastKnownFileType = folder.assetcatalog; path = Assets.xcassets; sourceTree = "<group>"; };
		CE8E37882AAF860000BD5B9E /* Base */ = {isa = PBXFileReference; lastKnownFileType = file.storyboard; name = Base; path = Base.lproj/LaunchScreen.storyboard; sourceTree = "<group>"; };
		CE8E378A2AAF860000BD5B9E /* Info.plist */ = {isa = PBXFileReference; lastKnownFileType = text.plist.xml; path = Info.plist; sourceTree = "<group>"; };
		CE8E378F2AAF860100BD5B9E /* TestWeatherAppTests.xctest */ = {isa = PBXFileReference; explicitFileType = wrapper.cfbundle; includeInIndex = 0; path = TestWeatherAppTests.xctest; sourceTree = BUILT_PRODUCTS_DIR; };
		CE8E37932AAF860100BD5B9E /* TestWeatherAppTests.swift */ = {isa = PBXFileReference; lastKnownFileType = sourcecode.swift; path = TestWeatherAppTests.swift; sourceTree = "<group>"; };
		CE8E37992AAF860100BD5B9E /* TestWeatherAppUITests.xctest */ = {isa = PBXFileReference; explicitFileType = wrapper.cfbundle; includeInIndex = 0; path = TestWeatherAppUITests.xctest; sourceTree = BUILT_PRODUCTS_DIR; };
		CE8E379D2AAF860100BD5B9E /* TestWeatherAppUITests.swift */ = {isa = PBXFileReference; lastKnownFileType = sourcecode.swift; path = TestWeatherAppUITests.swift; sourceTree = "<group>"; };
		CE8E379F2AAF860100BD5B9E /* TestWeatherAppUITestsLaunchTests.swift */ = {isa = PBXFileReference; lastKnownFileType = sourcecode.swift; path = TestWeatherAppUITestsLaunchTests.swift; sourceTree = "<group>"; };
		CE8E37AC2AAF877100BD5B9E /* WeatherMenuTableViewController.swift */ = {isa = PBXFileReference; lastKnownFileType = sourcecode.swift; path = WeatherMenuTableViewController.swift; sourceTree = "<group>"; };
		CE8E37AD2AAF877100BD5B9E /* WeatherMenuTableViewController.xib */ = {isa = PBXFileReference; lastKnownFileType = file.xib; path = WeatherMenuTableViewController.xib; sourceTree = "<group>"; };
		CE8E37B52AAF890A00BD5B9E /* UIExtensions.swift */ = {isa = PBXFileReference; lastKnownFileType = sourcecode.swift; path = UIExtensions.swift; sourceTree = "<group>"; };
		CE8E37B72AAF891800BD5B9E /* FoundationExtensions.swift */ = {isa = PBXFileReference; lastKnownFileType = sourcecode.swift; path = FoundationExtensions.swift; sourceTree = "<group>"; };
		CE8E37BB2AAF893800BD5B9E /* APIHelper.swift */ = {isa = PBXFileReference; lastKnownFileType = sourcecode.swift; path = APIHelper.swift; sourceTree = "<group>"; };
		CE8E37BD2AAF895200BD5B9E /* WeatherMenuAPIClient.swift */ = {isa = PBXFileReference; lastKnownFileType = sourcecode.swift; path = WeatherMenuAPIClient.swift; sourceTree = "<group>"; };
		CE8E37C12AAF89A400BD5B9E /* BaseCellUIModel.swift */ = {isa = PBXFileReference; lastKnownFileType = sourcecode.swift; path = BaseCellUIModel.swift; sourceTree = "<group>"; };
		CE8E37C32AAF89DB00BD5B9E /* JSONHelper.swift */ = {isa = PBXFileReference; lastKnownFileType = sourcecode.swift; path = JSONHelper.swift; sourceTree = "<group>"; };
		CE8E37C52AAF8A0700BD5B9E /* WeatherMenuFormatter.swift */ = {isa = PBXFileReference; lastKnownFileType = sourcecode.swift; path = WeatherMenuFormatter.swift; sourceTree = "<group>"; };
		CE8E37C72AAF8A1E00BD5B9E /* WeatherMenuPresenter.swift */ = {isa = PBXFileReference; lastKnownFileType = sourcecode.swift; path = WeatherMenuPresenter.swift; sourceTree = "<group>"; };
		CE8E37CA2AAF8A6800BD5B9E /* URLs.swift */ = {isa = PBXFileReference; lastKnownFileType = sourcecode.swift; path = URLs.swift; sourceTree = "<group>"; };
		CE8E37CD2AAF8AC200BD5B9E /* CityWeather.swift */ = {isa = PBXFileReference; lastKnownFileType = sourcecode.swift; path = CityWeather.swift; sourceTree = "<group>"; };
		CE8E37D52AAFD0B500BD5B9E /* UserDefault.swift */ = {isa = PBXFileReference; lastKnownFileType = sourcecode.swift; path = UserDefault.swift; sourceTree = "<group>"; };
		CE8E37D72AAFD2A700BD5B9E /* CityWeatherCityTableViewCell.swift */ = {isa = PBXFileReference; lastKnownFileType = sourcecode.swift; path = CityWeatherCityTableViewCell.swift; sourceTree = "<group>"; };
		CE8E37D82AAFD2A800BD5B9E /* CityWeatherCityTableViewCell.xib */ = {isa = PBXFileReference; lastKnownFileType = file.xib; path = CityWeatherCityTableViewCell.xib; sourceTree = "<group>"; };
		CE8E37DB2AAFD3CB00BD5B9E /* CityWeatherUIModel.swift */ = {isa = PBXFileReference; lastKnownFileType = sourcecode.swift; path = CityWeatherUIModel.swift; sourceTree = "<group>"; };
		CE8E37DE2AB1144800BD5B9E /* DetailCityWeatherViewController.swift */ = {isa = PBXFileReference; lastKnownFileType = sourcecode.swift; path = DetailCityWeatherViewController.swift; sourceTree = "<group>"; };
		CE8E37DF2AB1144800BD5B9E /* DetailCityWeatherViewController.xib */ = {isa = PBXFileReference; lastKnownFileType = file.xib; path = DetailCityWeatherViewController.xib; sourceTree = "<group>"; };
		CE8E37E22AB1147500BD5B9E /* DetailCityWeatherPresenter.swift */ = {isa = PBXFileReference; lastKnownFileType = sourcecode.swift; path = DetailCityWeatherPresenter.swift; sourceTree = "<group>"; };
		CE8E37E42AB1148600BD5B9E /* DetailCityWeatherFormatter.swift */ = {isa = PBXFileReference; lastKnownFileType = sourcecode.swift; path = DetailCityWeatherFormatter.swift; sourceTree = "<group>"; };
		CE8E37E72AB114C700BD5B9E /* DetailCityWeatherUIModel.swift */ = {isa = PBXFileReference; lastKnownFileType = sourcecode.swift; path = DetailCityWeatherUIModel.swift; sourceTree = "<group>"; };
		CE8E37EC2AB1331900BD5B9E /* LoadingView.swift */ = {isa = PBXFileReference; lastKnownFileType = sourcecode.swift; path = LoadingView.swift; sourceTree = "<group>"; };
		CE8E37EF2AB133EF00BD5B9E /* MainCoordinator.swift */ = {isa = PBXFileReference; lastKnownFileType = sourcecode.swift; path = MainCoordinator.swift; sourceTree = "<group>"; };
		CE8E37F32AB1355D00BD5B9E /* MainBuilder.swift */ = {isa = PBXFileReference; lastKnownFileType = sourcecode.swift; path = MainBuilder.swift; sourceTree = "<group>"; };
/* End PBXFileReference section */

/* Begin PBXFrameworksBuildPhase section */
		CE8E37762AAF85F900BD5B9E /* Frameworks */ = {
			isa = PBXFrameworksBuildPhase;
			buildActionMask = 2147483647;
			files = (
			);
			runOnlyForDeploymentPostprocessing = 0;
		};
		CE8E378C2AAF860100BD5B9E /* Frameworks */ = {
			isa = PBXFrameworksBuildPhase;
			buildActionMask = 2147483647;
			files = (
			);
			runOnlyForDeploymentPostprocessing = 0;
		};
		CE8E37962AAF860100BD5B9E /* Frameworks */ = {
			isa = PBXFrameworksBuildPhase;
			buildActionMask = 2147483647;
			files = (
			);
			runOnlyForDeploymentPostprocessing = 0;
		};
/* End PBXFrameworksBuildPhase section */

/* Begin PBXGroup section */
		CE8E37702AAF85F900BD5B9E = {
			isa = PBXGroup;
			children = (
				CE8E377B2AAF85F900BD5B9E /* TestWeatherApp */,
				CE8E37922AAF860100BD5B9E /* TestWeatherAppTests */,
				CE8E379C2AAF860100BD5B9E /* TestWeatherAppUITests */,
				CE8E377A2AAF85F900BD5B9E /* Products */,
			);
			sourceTree = "<group>";
		};
		CE8E377A2AAF85F900BD5B9E /* Products */ = {
			isa = PBXGroup;
			children = (
				CE8E37792AAF85F900BD5B9E /* TestWeatherApp.app */,
				CE8E378F2AAF860100BD5B9E /* TestWeatherAppTests.xctest */,
				CE8E37992AAF860100BD5B9E /* TestWeatherAppUITests.xctest */,
			);
			name = Products;
			sourceTree = "<group>";
		};
		CE8E377B2AAF85F900BD5B9E /* TestWeatherApp */ = {
			isa = PBXGroup;
			children = (
				CE8E37EE2AB133D700BD5B9E /* Router */,
				CE8E37B12AAF88D200BD5B9E /* Common */,
				CE8E37B32AAF88E200BD5B9E /* Logic */,
				CE8E37B22AAF88DA00BD5B9E /* Modules */,
				CE8E37B02AAF877600BD5B9E /* Resources */,
				CE8E378A2AAF860000BD5B9E /* Info.plist */,
			);
			path = TestWeatherApp;
			sourceTree = "<group>";
		};
		CE8E37922AAF860100BD5B9E /* TestWeatherAppTests */ = {
			isa = PBXGroup;
			children = (
				CE8E37932AAF860100BD5B9E /* TestWeatherAppTests.swift */,
			);
			path = TestWeatherAppTests;
			sourceTree = "<group>";
		};
		CE8E379C2AAF860100BD5B9E /* TestWeatherAppUITests */ = {
			isa = PBXGroup;
			children = (
				CE8E379D2AAF860100BD5B9E /* TestWeatherAppUITests.swift */,
				CE8E379F2AAF860100BD5B9E /* TestWeatherAppUITestsLaunchTests.swift */,
			);
			path = TestWeatherAppUITests;
			sourceTree = "<group>";
		};
		CE8E37B02AAF877600BD5B9E /* Resources */ = {
			isa = PBXGroup;
			children = (
				CE8E377C2AAF85F900BD5B9E /* AppDelegate.swift */,
				CE8E377E2AAF85F900BD5B9E /* SceneDelegate.swift */,
				CE8E37822AAF85F900BD5B9E /* Main.storyboard */,
				CE8E37872AAF860000BD5B9E /* LaunchScreen.storyboard */,
				CE8E37852AAF860000BD5B9E /* Assets.xcassets */,
			);
			path = Resources;
			sourceTree = "<group>";
		};
		CE8E37B12AAF88D200BD5B9E /* Common */ = {
			isa = PBXGroup;
			children = (
				CE8E37EB2AB1330400BD5B9E /* Classes */,
				CE8E37D42AAFD0A100BD5B9E /* PropertyWrappers */,
				CE8E37C02AAF896E00BD5B9E /* Protocols */,
				CE8E37BF2AAF895E00BD5B9E /* Extensions */,
			);
			path = Common;
			sourceTree = "<group>";
		};
		CE8E37B22AAF88DA00BD5B9E /* Modules */ = {
			isa = PBXGroup;
			children = (
				CE8E37DD2AB112B900BD5B9E /* DetailCityWeather */,
				CE8E37B42AAF88F200BD5B9E /* WeatherMenu */,
			);
			path = Modules;
			sourceTree = "<group>";
		};
		CE8E37B32AAF88E200BD5B9E /* Logic */ = {
			isa = PBXGroup;
			children = (
				CE8E37CC2AAF8AAA00BD5B9E /* Models */,
				CE8E37C92AAF8A5A00BD5B9E /* Storages */,
				CE8E37B92AAF891F00BD5B9E /* Managers */,
				CE8E37BA2AAF892600BD5B9E /* Services */,
			);
			path = Logic;
			sourceTree = "<group>";
		};
		CE8E37B42AAF88F200BD5B9E /* WeatherMenu */ = {
			isa = PBXGroup;
			children = (
				CE8E37EA2AB132BA00BD5B9E /* Cells */,
				CE8E37E92AB132B200BD5B9E /* Models */,
				CE8E37AC2AAF877100BD5B9E /* WeatherMenuTableViewController.swift */,
				CE8E37AD2AAF877100BD5B9E /* WeatherMenuTableViewController.xib */,
				CE8E37C72AAF8A1E00BD5B9E /* WeatherMenuPresenter.swift */,
				CE8E37C52AAF8A0700BD5B9E /* WeatherMenuFormatter.swift */,
			);
			path = WeatherMenu;
			sourceTree = "<group>";
		};
		CE8E37B92AAF891F00BD5B9E /* Managers */ = {
			isa = PBXGroup;
			children = (
				CE8E37BB2AAF893800BD5B9E /* APIHelper.swift */,
				CE8E37C32AAF89DB00BD5B9E /* JSONHelper.swift */,
			);
			path = Managers;
			sourceTree = "<group>";
		};
		CE8E37BA2AAF892600BD5B9E /* Services */ = {
			isa = PBXGroup;
			children = (
				CE8E37BD2AAF895200BD5B9E /* WeatherMenuAPIClient.swift */,
			);
			path = Services;
			sourceTree = "<group>";
		};
		CE8E37BF2AAF895E00BD5B9E /* Extensions */ = {
			isa = PBXGroup;
			children = (
				CE8E37B52AAF890A00BD5B9E /* UIExtensions.swift */,
				CE8E37B72AAF891800BD5B9E /* FoundationExtensions.swift */,
			);
			path = Extensions;
			sourceTree = "<group>";
		};
		CE8E37C02AAF896E00BD5B9E /* Protocols */ = {
			isa = PBXGroup;
			children = (
				CE8E37C12AAF89A400BD5B9E /* BaseCellUIModel.swift */,
			);
			path = Protocols;
			sourceTree = "<group>";
		};
		CE8E37C92AAF8A5A00BD5B9E /* Storages */ = {
			isa = PBXGroup;
			children = (
				CE8E37CA2AAF8A6800BD5B9E /* URLs.swift */,
			);
			path = Storages;
			sourceTree = "<group>";
		};
		CE8E37CC2AAF8AAA00BD5B9E /* Models */ = {
			isa = PBXGroup;
			children = (
				CE8E37CD2AAF8AC200BD5B9E /* CityWeather.swift */,
			);
			path = Models;
			sourceTree = "<group>";
		};
		CE8E37D42AAFD0A100BD5B9E /* PropertyWrappers */ = {
			isa = PBXGroup;
			children = (
				CE8E37D52AAFD0B500BD5B9E /* UserDefault.swift */,
			);
			path = PropertyWrappers;
			sourceTree = "<group>";
		};
		CE8E37DD2AB112B900BD5B9E /* DetailCityWeather */ = {
			isa = PBXGroup;
			children = (
				CE8E37E62AB114B500BD5B9E /* Models */,
				CE8E37DE2AB1144800BD5B9E /* DetailCityWeatherViewController.swift */,
				CE8E37DF2AB1144800BD5B9E /* DetailCityWeatherViewController.xib */,
				CE8E37E22AB1147500BD5B9E /* DetailCityWeatherPresenter.swift */,
				CE8E37E42AB1148600BD5B9E /* DetailCityWeatherFormatter.swift */,
			);
			path = DetailCityWeather;
			sourceTree = "<group>";
		};
		CE8E37E62AB114B500BD5B9E /* Models */ = {
			isa = PBXGroup;
			children = (
				CE8E37E72AB114C700BD5B9E /* DetailCityWeatherUIModel.swift */,
			);
			path = Models;
			sourceTree = "<group>";
		};
		CE8E37E92AB132B200BD5B9E /* Models */ = {
			isa = PBXGroup;
			children = (
				CE8E37DB2AAFD3CB00BD5B9E /* CityWeatherUIModel.swift */,
			);
			path = Models;
			sourceTree = "<group>";
		};
		CE8E37EA2AB132BA00BD5B9E /* Cells */ = {
			isa = PBXGroup;
			children = (
				CE8E37D72AAFD2A700BD5B9E /* CityWeatherCityTableViewCell.swift */,
				CE8E37D82AAFD2A800BD5B9E /* CityWeatherCityTableViewCell.xib */,
			);
			path = Cells;
			sourceTree = "<group>";
		};
		CE8E37EB2AB1330400BD5B9E /* Classes */ = {
			isa = PBXGroup;
			children = (
				CE8E37EC2AB1331900BD5B9E /* LoadingView.swift */,
			);
			path = Classes;
			sourceTree = "<group>";
		};
		CE8E37EE2AB133D700BD5B9E /* Router */ = {
			isa = PBXGroup;
			children = (
				CE8E37F22AB1354B00BD5B9E /* Builder */,
				CE8E37F12AB1354300BD5B9E /* Coordinator */,
			);
			path = Router;
			sourceTree = "<group>";
		};
		CE8E37F12AB1354300BD5B9E /* Coordinator */ = {
			isa = PBXGroup;
			children = (
				CE8E37EF2AB133EF00BD5B9E /* MainCoordinator.swift */,
			);
			path = Coordinator;
			sourceTree = "<group>";
		};
		CE8E37F22AB1354B00BD5B9E /* Builder */ = {
			isa = PBXGroup;
			children = (
				CE8E37F32AB1355D00BD5B9E /* MainBuilder.swift */,
			);
			path = Builder;
			sourceTree = "<group>";
		};
/* End PBXGroup section */

/* Begin PBXNativeTarget section */
		CE8E37782AAF85F900BD5B9E /* TestWeatherApp */ = {
			isa = PBXNativeTarget;
			buildConfigurationList = CE8E37A32AAF860100BD5B9E /* Build configuration list for PBXNativeTarget "TestWeatherApp" */;
			buildPhases = (
				CE8E37752AAF85F900BD5B9E /* Sources */,
				CE8E37762AAF85F900BD5B9E /* Frameworks */,
				CE8E37772AAF85F900BD5B9E /* Resources */,
			);
			buildRules = (
			);
			dependencies = (
			);
			name = TestWeatherApp;
			productName = TestWeatherApp;
			productReference = CE8E37792AAF85F900BD5B9E /* TestWeatherApp.app */;
			productType = "com.apple.product-type.application";
		};
		CE8E378E2AAF860100BD5B9E /* TestWeatherAppTests */ = {
			isa = PBXNativeTarget;
			buildConfigurationList = CE8E37A62AAF860100BD5B9E /* Build configuration list for PBXNativeTarget "TestWeatherAppTests" */;
			buildPhases = (
				CE8E378B2AAF860100BD5B9E /* Sources */,
				CE8E378C2AAF860100BD5B9E /* Frameworks */,
				CE8E378D2AAF860100BD5B9E /* Resources */,
			);
			buildRules = (
			);
			dependencies = (
				CE8E37912AAF860100BD5B9E /* PBXTargetDependency */,
			);
			name = TestWeatherAppTests;
			productName = TestWeatherAppTests;
			productReference = CE8E378F2AAF860100BD5B9E /* TestWeatherAppTests.xctest */;
			productType = "com.apple.product-type.bundle.unit-test";
		};
		CE8E37982AAF860100BD5B9E /* TestWeatherAppUITests */ = {
			isa = PBXNativeTarget;
			buildConfigurationList = CE8E37A92AAF860100BD5B9E /* Build configuration list for PBXNativeTarget "TestWeatherAppUITests" */;
			buildPhases = (
				CE8E37952AAF860100BD5B9E /* Sources */,
				CE8E37962AAF860100BD5B9E /* Frameworks */,
				CE8E37972AAF860100BD5B9E /* Resources */,
			);
			buildRules = (
			);
			dependencies = (
				CE8E379B2AAF860100BD5B9E /* PBXTargetDependency */,
			);
			name = TestWeatherAppUITests;
			productName = TestWeatherAppUITests;
			productReference = CE8E37992AAF860100BD5B9E /* TestWeatherAppUITests.xctest */;
			productType = "com.apple.product-type.bundle.ui-testing";
		};
/* End PBXNativeTarget section */

/* Begin PBXProject section */
		CE8E37712AAF85F900BD5B9E /* Project object */ = {
			isa = PBXProject;
			attributes = {
				BuildIndependentTargetsInParallel = 1;
				LastSwiftUpdateCheck = 1430;
				LastUpgradeCheck = 1430;
				TargetAttributes = {
					CE8E37782AAF85F900BD5B9E = {
						CreatedOnToolsVersion = 14.3.1;
					};
					CE8E378E2AAF860100BD5B9E = {
						CreatedOnToolsVersion = 14.3.1;
						TestTargetID = CE8E37782AAF85F900BD5B9E;
					};
					CE8E37982AAF860100BD5B9E = {
						CreatedOnToolsVersion = 14.3.1;
						TestTargetID = CE8E37782AAF85F900BD5B9E;
					};
				};
			};
			buildConfigurationList = CE8E37742AAF85F900BD5B9E /* Build configuration list for PBXProject "TestWeatherApp" */;
			compatibilityVersion = "Xcode 14.0";
			developmentRegion = en;
			hasScannedForEncodings = 0;
			knownRegions = (
				en,
				Base,
			);
			mainGroup = CE8E37702AAF85F900BD5B9E;
			productRefGroup = CE8E377A2AAF85F900BD5B9E /* Products */;
			projectDirPath = "";
			projectRoot = "";
			targets = (
				CE8E37782AAF85F900BD5B9E /* TestWeatherApp */,
				CE8E378E2AAF860100BD5B9E /* TestWeatherAppTests */,
				CE8E37982AAF860100BD5B9E /* TestWeatherAppUITests */,
			);
		};
/* End PBXProject section */

/* Begin PBXResourcesBuildPhase section */
		CE8E37772AAF85F900BD5B9E /* Resources */ = {
			isa = PBXResourcesBuildPhase;
			buildActionMask = 2147483647;
			files = (
				CE8E37892AAF860000BD5B9E /* LaunchScreen.storyboard in Resources */,
				CE8E37862AAF860000BD5B9E /* Assets.xcassets in Resources */,
				CE8E37DA2AAFD2A800BD5B9E /* CityWeatherCityTableViewCell.xib in Resources */,
				CE8E37842AAF85F900BD5B9E /* Main.storyboard in Resources */,
				CE8E37AF2AAF877100BD5B9E /* WeatherMenuTableViewController.xib in Resources */,
				CE8E37E12AB1144900BD5B9E /* DetailCityWeatherViewController.xib in Resources */,
			);
			runOnlyForDeploymentPostprocessing = 0;
		};
		CE8E378D2AAF860100BD5B9E /* Resources */ = {
			isa = PBXResourcesBuildPhase;
			buildActionMask = 2147483647;
			files = (
			);
			runOnlyForDeploymentPostprocessing = 0;
		};
		CE8E37972AAF860100BD5B9E /* Resources */ = {
			isa = PBXResourcesBuildPhase;
			buildActionMask = 2147483647;
			files = (
			);
			runOnlyForDeploymentPostprocessing = 0;
		};
/* End PBXResourcesBuildPhase section */

/* Begin PBXSourcesBuildPhase section */
		CE8E37752AAF85F900BD5B9E /* Sources */ = {
			isa = PBXSourcesBuildPhase;
			buildActionMask = 2147483647;
			files = (
				CE8E37C62AAF8A0700BD5B9E /* WeatherMenuFormatter.swift in Sources */,
				CE8E37BC2AAF893800BD5B9E /* APIHelper.swift in Sources */,
				CE8E37E52AB1148600BD5B9E /* DetailCityWeatherFormatter.swift in Sources */,
				CE8E377D2AAF85F900BD5B9E /* AppDelegate.swift in Sources */,
				CE8E37C22AAF89A400BD5B9E /* BaseCellUIModel.swift in Sources */,
				CE8E37F02AB133EF00BD5B9E /* MainCoordinator.swift in Sources */,
				CE8E37F42AB1355D00BD5B9E /* MainBuilder.swift in Sources */,
				CE8E37ED2AB1331900BD5B9E /* LoadingView.swift in Sources */,
				CE8E37E32AB1147500BD5B9E /* DetailCityWeatherPresenter.swift in Sources */,
				CE8E37C42AAF89DB00BD5B9E /* JSONHelper.swift in Sources */,
				CE8E37B82AAF891800BD5B9E /* FoundationExtensions.swift in Sources */,
				CE8E37C82AAF8A1E00BD5B9E /* WeatherMenuPresenter.swift in Sources */,
				CE8E37CB2AAF8A6800BD5B9E /* URLs.swift in Sources */,
				CE8E37D62AAFD0B500BD5B9E /* UserDefault.swift in Sources */,
				CE8E377F2AAF85F900BD5B9E /* SceneDelegate.swift in Sources */,
				CE8E37AE2AAF877100BD5B9E /* WeatherMenuTableViewController.swift in Sources */,
				CE8E37E02AB1144900BD5B9E /* DetailCityWeatherViewController.swift in Sources */,
				CE8E37DC2AAFD3CC00BD5B9E /* CityWeatherUIModel.swift in Sources */,
				CE8E37B62AAF890A00BD5B9E /* UIExtensions.swift in Sources */,
				CE8E37E82AB114C700BD5B9E /* DetailCityWeatherUIModel.swift in Sources */,
				CE8E37D92AAFD2A800BD5B9E /* CityWeatherCityTableViewCell.swift in Sources */,
				CE8E37CE2AAF8AC200BD5B9E /* CityWeather.swift in Sources */,
				CE8E37BE2AAF895200BD5B9E /* WeatherMenuAPIClient.swift in Sources */,
			);
			runOnlyForDeploymentPostprocessing = 0;
		};
		CE8E378B2AAF860100BD5B9E /* Sources */ = {
			isa = PBXSourcesBuildPhase;
			buildActionMask = 2147483647;
			files = (
				CE8E37942AAF860100BD5B9E /* TestWeatherAppTests.swift in Sources */,
			);
			runOnlyForDeploymentPostprocessing = 0;
		};
		CE8E37952AAF860100BD5B9E /* Sources */ = {
			isa = PBXSourcesBuildPhase;
			buildActionMask = 2147483647;
			files = (
				CE8E379E2AAF860100BD5B9E /* TestWeatherAppUITests.swift in Sources */,
				CE8E37A02AAF860100BD5B9E /* TestWeatherAppUITestsLaunchTests.swift in Sources */,
			);
			runOnlyForDeploymentPostprocessing = 0;
		};
/* End PBXSourcesBuildPhase section */

/* Begin PBXTargetDependency section */
		CE8E37912AAF860100BD5B9E /* PBXTargetDependency */ = {
			isa = PBXTargetDependency;
			target = CE8E37782AAF85F900BD5B9E /* TestWeatherApp */;
			targetProxy = CE8E37902AAF860100BD5B9E /* PBXContainerItemProxy */;
		};
		CE8E379B2AAF860100BD5B9E /* PBXTargetDependency */ = {
			isa = PBXTargetDependency;
			target = CE8E37782AAF85F900BD5B9E /* TestWeatherApp */;
			targetProxy = CE8E379A2AAF860100BD5B9E /* PBXContainerItemProxy */;
		};
/* End PBXTargetDependency section */

/* Begin PBXVariantGroup section */
		CE8E37822AAF85F900BD5B9E /* Main.storyboard */ = {
			isa = PBXVariantGroup;
			children = (
				CE8E37832AAF85F900BD5B9E /* Base */,
			);
			name = Main.storyboard;
			sourceTree = "<group>";
		};
		CE8E37872AAF860000BD5B9E /* LaunchScreen.storyboard */ = {
			isa = PBXVariantGroup;
			children = (
				CE8E37882AAF860000BD5B9E /* Base */,
			);
			name = LaunchScreen.storyboard;
			sourceTree = "<group>";
		};
/* End PBXVariantGroup section */

/* Begin XCBuildConfiguration section */
		CE8E37A12AAF860100BD5B9E /* Debug */ = {
			isa = XCBuildConfiguration;
			buildSettings = {
				ALWAYS_SEARCH_USER_PATHS = NO;
				CLANG_ANALYZER_NONNULL = YES;
				CLANG_ANALYZER_NUMBER_OBJECT_CONVERSION = YES_AGGRESSIVE;
				CLANG_CXX_LANGUAGE_STANDARD = "gnu++20";
				CLANG_ENABLE_MODULES = YES;
				CLANG_ENABLE_OBJC_ARC = YES;
				CLANG_ENABLE_OBJC_WEAK = YES;
				CLANG_WARN_BLOCK_CAPTURE_AUTORELEASING = YES;
				CLANG_WARN_BOOL_CONVERSION = YES;
				CLANG_WARN_COMMA = YES;
				CLANG_WARN_CONSTANT_CONVERSION = YES;
				CLANG_WARN_DEPRECATED_OBJC_IMPLEMENTATIONS = YES;
				CLANG_WARN_DIRECT_OBJC_ISA_USAGE = YES_ERROR;
				CLANG_WARN_DOCUMENTATION_COMMENTS = YES;
				CLANG_WARN_EMPTY_BODY = YES;
				CLANG_WARN_ENUM_CONVERSION = YES;
				CLANG_WARN_INFINITE_RECURSION = YES;
				CLANG_WARN_INT_CONVERSION = YES;
				CLANG_WARN_NON_LITERAL_NULL_CONVERSION = YES;
				CLANG_WARN_OBJC_IMPLICIT_RETAIN_SELF = YES;
				CLANG_WARN_OBJC_LITERAL_CONVERSION = YES;
				CLANG_WARN_OBJC_ROOT_CLASS = YES_ERROR;
				CLANG_WARN_QUOTED_INCLUDE_IN_FRAMEWORK_HEADER = YES;
				CLANG_WARN_RANGE_LOOP_ANALYSIS = YES;
				CLANG_WARN_STRICT_PROTOTYPES = YES;
				CLANG_WARN_SUSPICIOUS_MOVE = YES;
				CLANG_WARN_UNGUARDED_AVAILABILITY = YES_AGGRESSIVE;
				CLANG_WARN_UNREACHABLE_CODE = YES;
				CLANG_WARN__DUPLICATE_METHOD_MATCH = YES;
				COPY_PHASE_STRIP = NO;
				DEBUG_INFORMATION_FORMAT = dwarf;
				ENABLE_STRICT_OBJC_MSGSEND = YES;
				ENABLE_TESTABILITY = YES;
				GCC_C_LANGUAGE_STANDARD = gnu11;
				GCC_DYNAMIC_NO_PIC = NO;
				GCC_NO_COMMON_BLOCKS = YES;
				GCC_OPTIMIZATION_LEVEL = 0;
				GCC_PREPROCESSOR_DEFINITIONS = (
					"DEBUG=1",
					"$(inherited)",
				);
				GCC_WARN_64_TO_32_BIT_CONVERSION = YES;
				GCC_WARN_ABOUT_RETURN_TYPE = YES_ERROR;
				GCC_WARN_UNDECLARED_SELECTOR = YES;
				GCC_WARN_UNINITIALIZED_AUTOS = YES_AGGRESSIVE;
				GCC_WARN_UNUSED_FUNCTION = YES;
				GCC_WARN_UNUSED_VARIABLE = YES;
				IPHONEOS_DEPLOYMENT_TARGET = 16.4;
				MTL_ENABLE_DEBUG_INFO = INCLUDE_SOURCE;
				MTL_FAST_MATH = YES;
				ONLY_ACTIVE_ARCH = YES;
				SDKROOT = iphoneos;
				SWIFT_ACTIVE_COMPILATION_CONDITIONS = DEBUG;
				SWIFT_OPTIMIZATION_LEVEL = "-Onone";
			};
			name = Debug;
		};
		CE8E37A22AAF860100BD5B9E /* Release */ = {
			isa = XCBuildConfiguration;
			buildSettings = {
				ALWAYS_SEARCH_USER_PATHS = NO;
				CLANG_ANALYZER_NONNULL = YES;
				CLANG_ANALYZER_NUMBER_OBJECT_CONVERSION = YES_AGGRESSIVE;
				CLANG_CXX_LANGUAGE_STANDARD = "gnu++20";
				CLANG_ENABLE_MODULES = YES;
				CLANG_ENABLE_OBJC_ARC = YES;
				CLANG_ENABLE_OBJC_WEAK = YES;
				CLANG_WARN_BLOCK_CAPTURE_AUTORELEASING = YES;
				CLANG_WARN_BOOL_CONVERSION = YES;
				CLANG_WARN_COMMA = YES;
				CLANG_WARN_CONSTANT_CONVERSION = YES;
				CLANG_WARN_DEPRECATED_OBJC_IMPLEMENTATIONS = YES;
				CLANG_WARN_DIRECT_OBJC_ISA_USAGE = YES_ERROR;
				CLANG_WARN_DOCUMENTATION_COMMENTS = YES;
				CLANG_WARN_EMPTY_BODY = YES;
				CLANG_WARN_ENUM_CONVERSION = YES;
				CLANG_WARN_INFINITE_RECURSION = YES;
				CLANG_WARN_INT_CONVERSION = YES;
				CLANG_WARN_NON_LITERAL_NULL_CONVERSION = YES;
				CLANG_WARN_OBJC_IMPLICIT_RETAIN_SELF = YES;
				CLANG_WARN_OBJC_LITERAL_CONVERSION = YES;
				CLANG_WARN_OBJC_ROOT_CLASS = YES_ERROR;
				CLANG_WARN_QUOTED_INCLUDE_IN_FRAMEWORK_HEADER = YES;
				CLANG_WARN_RANGE_LOOP_ANALYSIS = YES;
				CLANG_WARN_STRICT_PROTOTYPES = YES;
				CLANG_WARN_SUSPICIOUS_MOVE = YES;
				CLANG_WARN_UNGUARDED_AVAILABILITY = YES_AGGRESSIVE;
				CLANG_WARN_UNREACHABLE_CODE = YES;
				CLANG_WARN__DUPLICATE_METHOD_MATCH = YES;
				COPY_PHASE_STRIP = NO;
				DEBUG_INFORMATION_FORMAT = "dwarf-with-dsym";
				ENABLE_NS_ASSERTIONS = NO;
				ENABLE_STRICT_OBJC_MSGSEND = YES;
				GCC_C_LANGUAGE_STANDARD = gnu11;
				GCC_NO_COMMON_BLOCKS = YES;
				GCC_WARN_64_TO_32_BIT_CONVERSION = YES;
				GCC_WARN_ABOUT_RETURN_TYPE = YES_ERROR;
				GCC_WARN_UNDECLARED_SELECTOR = YES;
				GCC_WARN_UNINITIALIZED_AUTOS = YES_AGGRESSIVE;
				GCC_WARN_UNUSED_FUNCTION = YES;
				GCC_WARN_UNUSED_VARIABLE = YES;
				IPHONEOS_DEPLOYMENT_TARGET = 16.4;
				MTL_ENABLE_DEBUG_INFO = NO;
				MTL_FAST_MATH = YES;
				SDKROOT = iphoneos;
				SWIFT_COMPILATION_MODE = wholemodule;
				SWIFT_OPTIMIZATION_LEVEL = "-O";
				VALIDATE_PRODUCT = YES;
			};
			name = Release;
		};
		CE8E37A42AAF860100BD5B9E /* Debug */ = {
			isa = XCBuildConfiguration;
			buildSettings = {
				ASSETCATALOG_COMPILER_APPICON_NAME = AppIcon;
				ASSETCATALOG_COMPILER_GLOBAL_ACCENT_COLOR_NAME = AccentColor;
				CODE_SIGN_STYLE = Automatic;
				CURRENT_PROJECT_VERSION = 1;
				DEVELOPMENT_TEAM = 59C6H8HQ42;
				GENERATE_INFOPLIST_FILE = YES;
				INFOPLIST_FILE = TestWeatherApp/Info.plist;
				INFOPLIST_KEY_UIApplicationSupportsIndirectInputEvents = YES;
				INFOPLIST_KEY_UILaunchStoryboardName = LaunchScreen;
				INFOPLIST_KEY_UIMainStoryboardFile = Main;
				INFOPLIST_KEY_UISupportedInterfaceOrientations_iPad = "UIInterfaceOrientationPortrait UIInterfaceOrientationPortraitUpsideDown UIInterfaceOrientationLandscapeLeft UIInterfaceOrientationLandscapeRight";
				INFOPLIST_KEY_UISupportedInterfaceOrientations_iPhone = "UIInterfaceOrientationPortrait UIInterfaceOrientationLandscapeLeft UIInterfaceOrientationLandscapeRight";
				IPHONEOS_DEPLOYMENT_TARGET = 16.0;
				LD_RUNPATH_SEARCH_PATHS = (
					"$(inherited)",
					"@executable_path/Frameworks",
				);
				MARKETING_VERSION = 1.0;
				PRODUCT_BUNDLE_IDENTIFIER = com.yaroslavDev.TestWeatherApp;
				PRODUCT_NAME = "$(TARGET_NAME)";
				SWIFT_EMIT_LOC_STRINGS = YES;
				SWIFT_VERSION = 5.0;
				TARGETED_DEVICE_FAMILY = "1,2";
			};
			name = Debug;
		};
		CE8E37A52AAF860100BD5B9E /* Release */ = {
			isa = XCBuildConfiguration;
			buildSettings = {
				ASSETCATALOG_COMPILER_APPICON_NAME = AppIcon;
				ASSETCATALOG_COMPILER_GLOBAL_ACCENT_COLOR_NAME = AccentColor;
				CODE_SIGN_STYLE = Automatic;
				CURRENT_PROJECT_VERSION = 1;
				DEVELOPMENT_TEAM = 59C6H8HQ42;
				GENERATE_INFOPLIST_FILE = YES;
				INFOPLIST_FILE = TestWeatherApp/Info.plist;
				INFOPLIST_KEY_UIApplicationSupportsIndirectInputEvents = YES;
				INFOPLIST_KEY_UILaunchStoryboardName = LaunchScreen;
				INFOPLIST_KEY_UIMainStoryboardFile = Main;
				INFOPLIST_KEY_UISupportedInterfaceOrientations_iPad = "UIInterfaceOrientationPortrait UIInterfaceOrientationPortraitUpsideDown UIInterfaceOrientationLandscapeLeft UIInterfaceOrientationLandscapeRight";
				INFOPLIST_KEY_UISupportedInterfaceOrientations_iPhone = "UIInterfaceOrientationPortrait UIInterfaceOrientationLandscapeLeft UIInterfaceOrientationLandscapeRight";
				IPHONEOS_DEPLOYMENT_TARGET = 16.0;
				LD_RUNPATH_SEARCH_PATHS = (
					"$(inherited)",
					"@executable_path/Frameworks",
				);
				MARKETING_VERSION = 1.0;
				PRODUCT_BUNDLE_IDENTIFIER = com.yaroslavDev.TestWeatherApp;
				PRODUCT_NAME = "$(TARGET_NAME)";
				SWIFT_EMIT_LOC_STRINGS = YES;
				SWIFT_VERSION = 5.0;
				TARGETED_DEVICE_FAMILY = "1,2";
			};
			name = Release;
		};
		CE8E37A72AAF860100BD5B9E /* Debug */ = {
			isa = XCBuildConfiguration;
			buildSettings = {
				ALWAYS_EMBED_SWIFT_STANDARD_LIBRARIES = YES;
				BUNDLE_LOADER = "$(TEST_HOST)";
				CODE_SIGN_STYLE = Automatic;
				CURRENT_PROJECT_VERSION = 1;
				DEVELOPMENT_TEAM = 59C6H8HQ42;
				GENERATE_INFOPLIST_FILE = YES;
				IPHONEOS_DEPLOYMENT_TARGET = 16.4;
				MARKETING_VERSION = 1.0;
				PRODUCT_BUNDLE_IDENTIFIER = com.yaroslavDev.TestWeatherAppTests;
				PRODUCT_NAME = "$(TARGET_NAME)";
				SWIFT_EMIT_LOC_STRINGS = NO;
				SWIFT_VERSION = 5.0;
				TARGETED_DEVICE_FAMILY = "1,2";
				TEST_HOST = "$(BUILT_PRODUCTS_DIR)/TestWeatherApp.app/$(BUNDLE_EXECUTABLE_FOLDER_PATH)/TestWeatherApp";
			};
			name = Debug;
		};
		CE8E37A82AAF860100BD5B9E /* Release */ = {
			isa = XCBuildConfiguration;
			buildSettings = {
				ALWAYS_EMBED_SWIFT_STANDARD_LIBRARIES = YES;
				BUNDLE_LOADER = "$(TEST_HOST)";
				CODE_SIGN_STYLE = Automatic;
				CURRENT_PROJECT_VERSION = 1;
				DEVELOPMENT_TEAM = 59C6H8HQ42;
				GENERATE_INFOPLIST_FILE = YES;
				IPHONEOS_DEPLOYMENT_TARGET = 16.4;
				MARKETING_VERSION = 1.0;
				PRODUCT_BUNDLE_IDENTIFIER = com.yaroslavDev.TestWeatherAppTests;
				PRODUCT_NAME = "$(TARGET_NAME)";
				SWIFT_EMIT_LOC_STRINGS = NO;
				SWIFT_VERSION = 5.0;
				TARGETED_DEVICE_FAMILY = "1,2";
				TEST_HOST = "$(BUILT_PRODUCTS_DIR)/TestWeatherApp.app/$(BUNDLE_EXECUTABLE_FOLDER_PATH)/TestWeatherApp";
			};
			name = Release;
		};
		CE8E37AA2AAF860100BD5B9E /* Debug */ = {
			isa = XCBuildConfiguration;
			buildSettings = {
				ALWAYS_EMBED_SWIFT_STANDARD_LIBRARIES = YES;
				CODE_SIGN_STYLE = Automatic;
				CURRENT_PROJECT_VERSION = 1;
				DEVELOPMENT_TEAM = 59C6H8HQ42;
				GENERATE_INFOPLIST_FILE = YES;
				MARKETING_VERSION = 1.0;
				PRODUCT_BUNDLE_IDENTIFIER = com.yaroslavDev.TestWeatherAppUITests;
				PRODUCT_NAME = "$(TARGET_NAME)";
				SWIFT_EMIT_LOC_STRINGS = NO;
				SWIFT_VERSION = 5.0;
				TARGETED_DEVICE_FAMILY = "1,2";
				TEST_TARGET_NAME = TestWeatherApp;
			};
			name = Debug;
		};
		CE8E37AB2AAF860100BD5B9E /* Release */ = {
			isa = XCBuildConfiguration;
			buildSettings = {
				ALWAYS_EMBED_SWIFT_STANDARD_LIBRARIES = YES;
				CODE_SIGN_STYLE = Automatic;
				CURRENT_PROJECT_VERSION = 1;
				DEVELOPMENT_TEAM = 59C6H8HQ42;
				GENERATE_INFOPLIST_FILE = YES;
				MARKETING_VERSION = 1.0;
				PRODUCT_BUNDLE_IDENTIFIER = com.yaroslavDev.TestWeatherAppUITests;
				PRODUCT_NAME = "$(TARGET_NAME)";
				SWIFT_EMIT_LOC_STRINGS = NO;
				SWIFT_VERSION = 5.0;
				TARGETED_DEVICE_FAMILY = "1,2";
				TEST_TARGET_NAME = TestWeatherApp;
			};
			name = Release;
		};
/* End XCBuildConfiguration section */

/* Begin XCConfigurationList section */
		CE8E37742AAF85F900BD5B9E /* Build configuration list for PBXProject "TestWeatherApp" */ = {
			isa = XCConfigurationList;
			buildConfigurations = (
				CE8E37A12AAF860100BD5B9E /* Debug */,
				CE8E37A22AAF860100BD5B9E /* Release */,
			);
			defaultConfigurationIsVisible = 0;
			defaultConfigurationName = Release;
		};
		CE8E37A32AAF860100BD5B9E /* Build configuration list for PBXNativeTarget "TestWeatherApp" */ = {
			isa = XCConfigurationList;
			buildConfigurations = (
				CE8E37A42AAF860100BD5B9E /* Debug */,
				CE8E37A52AAF860100BD5B9E /* Release */,
			);
			defaultConfigurationIsVisible = 0;
			defaultConfigurationName = Release;
		};
		CE8E37A62AAF860100BD5B9E /* Build configuration list for PBXNativeTarget "TestWeatherAppTests" */ = {
			isa = XCConfigurationList;
			buildConfigurations = (
				CE8E37A72AAF860100BD5B9E /* Debug */,
				CE8E37A82AAF860100BD5B9E /* Release */,
			);
			defaultConfigurationIsVisible = 0;
			defaultConfigurationName = Release;
		};
		CE8E37A92AAF860100BD5B9E /* Build configuration list for PBXNativeTarget "TestWeatherAppUITests" */ = {
			isa = XCConfigurationList;
			buildConfigurations = (
				CE8E37AA2AAF860100BD5B9E /* Debug */,
				CE8E37AB2AAF860100BD5B9E /* Release */,
			);
			defaultConfigurationIsVisible = 0;
			defaultConfigurationName = Release;
		};
/* End XCConfigurationList section */
	};
	rootObject = CE8E37712AAF85F900BD5B9E /* Project object */;
}
